dependencies:
- name: ambassador
  repository: file://../ambassador
  version: 0.1.9
- name: arborist
  repository: file://../arborist
  version: 0.1.9
- name: argo-wrapper
  repository: file://../argo-wrapper
  version: 0.1.5
- name: audit
  repository: file://../audit
  version: 0.1.10
- name: aws-es-proxy
  repository: file://../aws-es-proxy
  version: 0.1.7
- name: common
  repository: file://../common
  version: 0.1.8
- name: etl
  repository: file://../etl
  version: 0.1.0
- name: fence
  repository: file://../fence
  version: 0.1.14
- name: guppy
  repository: file://../guppy
  version: 0.1.9
- name: hatchery
  repository: file://../hatchery
  version: 0.1.7
- name: indexd
  repository: file://../indexd
  version: 0.1.11
- name: manifestservice
  repository: file://../manifestservice
  version: 0.1.11
- name: metadata
  repository: file://../metadata
  version: 0.1.9
- name: peregrine
  repository: file://../peregrine
  version: 0.1.10
- name: pidgin
  repository: file://../pidgin
  version: 0.1.8
- name: portal
  repository: file://../portal
  version: 0.1.8
- name: requestor
  repository: file://../requestor
  version: 0.1.9
- name: revproxy
  repository: file://../revproxy
  version: 0.1.12
- name: sheepdog
  repository: file://../sheepdog
  version: 0.1.11
- name: ssjdispatcher
  repository: file://../ssjdispatcher
  version: 0.1.7
- name: sower
  repository: file://../sower
  version: 0.1.7
- name: wts
  repository: file://../wts
  version: 0.1.11
- name: elasticsearch
  repository: https://helm.elastic.co
  version: 7.10.2
- name: postgresql
  repository: https://charts.bitnami.com/bitnami
  version: 11.9.13
digest: sha256:332591f519f397900fa0f5fb1a40146f77cc15600a4043722eae32a1bf663d0f
generated: "2023-11-28T21:50:54.866416049Z"
